// !$*UTF8*$!
{
	archiveVersion = 1;
	classes = {
	};
	objectVersion = 77;
	objects = {

/* Begin PBXBuildFile section */
		013D126AA3DA4A6BB7050E4C /* PastScreen/Models/OCRLanguageOption.swift in Sources */ = {isa = PBXBuildFile; fileRef = D78B85EA3A0C408DA488EBFE /* PastScreen/Models/OCRLanguageOption.swift */; };
		035F477F625E4A3981955C15 /* PastScreen/Services/WindowCaptureCoordinator.swift in Sources */ = {isa = PBXBuildFile; fileRef = 60F7F2567ED24A989200D894 /* PastScreen/Services/WindowCaptureCoordinator.swift */; };
		0D7184C0DA094EA49847959A /* PastScreen/Services/OCRService.swift in Sources */ = {isa = PBXBuildFile; fileRef = 81442069A05A40BD98570EFF /* PastScreen/Services/OCRService.swift */; };
		118E155CE63945A6B9C70B08 /* PastScreen/Views/OnboardingView.swift in Sources */ = {isa = PBXBuildFile; fileRef = 815929E48D914C43A95E5B2C /* PastScreen/Views/OnboardingView.swift */; };
		2FF96E31EAF44FF496E5CE4C /* PastScreen/Services/ScreenshotIntentBridge.swift in Sources */ = {isa = PBXBuildFile; fileRef = E4E24D352C764766B10A1D44 /* PastScreen/Services/ScreenshotIntentBridge.swift */; };
		378BA9360C2946F9ABB183FA /* PastScreen/Views/CustomNotificationView.swift in Sources */ = {isa = PBXBuildFile; fileRef = 55112317E35F496C816421B3 /* PastScreen/Views/CustomNotificationView.swift */; };
		6B3073BA5BB34D25982BA8D4 /* PastScreen/Components/LiquidGlassComponents.swift in Sources */ = {isa = PBXBuildFile; fileRef = 889C57D1B6C741FD93E2940F /* PastScreen/Components/LiquidGlassComponents.swift */; };
		6E5B19ED490E4463A7D5F2D2 /* PastScreen/Views/SettingsView.swift in Sources */ = {isa = PBXBuildFile; fileRef = F67FAEFE56B64000A3ABC003 /* PastScreen/Views/SettingsView.swift */; };
		94765A41378C46BDB32B81B9 /* PastScreen/Services/ScreenshotService.swift in Sources */ = {isa = PBXBuildFile; fileRef = 1CB86E956A6A43BBBD2973D6 /* PastScreen/Services/ScreenshotService.swift */; };
		96BEC0093CFD4EEB8BFE0233 /* PastScreen/Views/DynamicIslandView.swift in Sources */ = {isa = PBXBuildFile; fileRef = BB5E6EECF8874B83905847A6 /* PastScreen/Views/DynamicIslandView.swift */; };
		9B36A8B91D194211AFEA7ECB /* PastScreen/Services/PermissionManager.swift in Sources */ = {isa = PBXBuildFile; fileRef = C6CBEA9F9EF4411F89100D8C /* PastScreen/Services/PermissionManager.swift */; };
		9ECB8B05C4C6441B8703E040 /* PastScreen/PastScreenApp.swift in Sources */ = {isa = PBXBuildFile; fileRef = 81AA8D1B48F74216B3EF908B /* PastScreen/PastScreenApp.swift */; };
		C01192DCC563407D92C8930B /* PastScreen/AppIntents/PastScreenShortcuts.swift in Sources */ = {isa = PBXBuildFile; fileRef = 31C0658E24DE4556A0FE4CBE /* PastScreen/AppIntents/PastScreenShortcuts.swift */; };
		C8B5098401454383965ADB3D /* PastScreen/Models/AppSettings.swift in Sources */ = {isa = PBXBuildFile; fileRef = A2FE17A971284945A4DC90DA /* PastScreen/Models/AppSettings.swift */; };
		C8B50E7E6CFA6290360FE9F4 /* PastScreen/Utils/Localization.swift in Sources */ = {isa = PBXBuildFile; fileRef = C8B50E085CA6BEC94CAA2E9B /* PastScreen/Utils/Localization.swift */; };
		CC0289C6787D45B7AFB04B32 /* PastScreen/Services/LaunchAtLoginManager.swift in Sources */ = {isa = PBXBuildFile; fileRef = 468CFD7B61B54F9BA38528F4 /* PastScreen/Services/LaunchAtLoginManager.swift */; };
		D5DA92A15A2349E8BA67B6B5 /* PastScreen/Views/SelectionWindow.swift in Sources */ = {isa = PBXBuildFile; fileRef = 76A0386D860F4F3B95A3518C /* PastScreen/Views/SelectionWindow.swift */; };
		DFB16B632497443D8ADF9834 /* PastScreen/Utils/Logger.swift in Sources */ = {isa = PBXBuildFile; fileRef = DD553F54AD9E4E7D9476D2B6 /* PastScreen/Utils/Logger.swift */; };
		ECCD54322A50493EA960B69B /* PastScreen/Views/ImageEditingWindow.swift in Sources */ = {isa = PBXBuildFile; fileRef = 8037FA8E544E4016AA00B687 /* PastScreen/Views/ImageEditingWindow.swift */; };
		EDE6905D705444ADBC933D21 /* PastScreen/Services/HotKeyManager.swift in Sources */ = {isa = PBXBuildFile; fileRef = 05ED1C2B44AE40E894CAB892 /* PastScreen/Services/HotKeyManager.swift */; };
		FBB9CAE21BB143DD9237FB7F /* PastScreen/Tips/QuickCaptureTip.swift in Sources */ = {isa = PBXBuildFile; fileRef = 185A92B9A7714DA2A2EEA7C9 /* PastScreen/Tips/QuickCaptureTip.swift */; };
/* End PBXBuildFile section */

/* Begin PBXFileReference section */
		05ED1C2B44AE40E894CAB892 /* PastScreen/Services/HotKeyManager.swift */ = {isa = PBXFileReference; lastKnownFileType = sourcecode.swift; path = PastScreen/Services/HotKeyManager.swift; sourceTree = "<group>"; };
		185A92B9A7714DA2A2EEA7C9 /* PastScreen/Tips/QuickCaptureTip.swift */ = {isa = PBXFileReference; lastKnownFileType = sourcecode.swift; path = PastScreen/Tips/QuickCaptureTip.swift; sourceTree = "<group>"; };
		1CB86E956A6A43BBBD2973D6 /* PastScreen/Services/ScreenshotService.swift */ = {isa = PBXFileReference; lastKnownFileType = sourcecode.swift; path = PastScreen/Services/ScreenshotService.swift; sourceTree = "<group>"; };
		31C0658E24DE4556A0FE4CBE /* PastScreen/AppIntents/PastScreenShortcuts.swift */ = {isa = PBXFileReference; lastKnownFileType = sourcecode.swift; path = PastScreen/AppIntents/PastScreenShortcuts.swift; sourceTree = "<group>"; };
		468CFD7B61B54F9BA38528F4 /* PastScreen/Services/LaunchAtLoginManager.swift */ = {isa = PBXFileReference; lastKnownFileType = sourcecode.swift; path = PastScreen/Services/LaunchAtLoginManager.swift; sourceTree = "<group>"; };
		55112317E35F496C816421B3 /* PastScreen/Views/CustomNotificationView.swift */ = {isa = PBXFileReference; lastKnownFileType = sourcecode.swift; path = PastScreen/Views/CustomNotificationView.swift; sourceTree = "<group>"; };
		60F7F2567ED24A989200D894 /* PastScreen/Services/WindowCaptureCoordinator.swift */ = {isa = PBXFileReference; lastKnownFileType = sourcecode.swift; path = PastScreen/Services/WindowCaptureCoordinator.swift; sourceTree = "<group>"; };
		76A0386D860F4F3B95A3518C /* PastScreen/Views/SelectionWindow.swift */ = {isa = PBXFileReference; lastKnownFileType = sourcecode.swift; path = PastScreen/Views/SelectionWindow.swift; sourceTree = "<group>"; };
		8037FA8E544E4016AA00B687 /* PastScreen/Views/ImageEditingWindow.swift */ = {isa = PBXFileReference; lastKnownFileType = sourcecode.swift; path = PastScreen/Views/ImageEditingWindow.swift; sourceTree = "<group>"; };
		81442069A05A40BD98570EFF /* PastScreen/Services/OCRService.swift */ = {isa = PBXFileReference; lastKnownFileType = sourcecode.swift; path = PastScreen/Services/OCRService.swift; sourceTree = "<group>"; };
		815929E48D914C43A95E5B2C /* PastScreen/Views/OnboardingView.swift */ = {isa = PBXFileReference; lastKnownFileType = sourcecode.swift; path = PastScreen/Views/OnboardingView.swift; sourceTree = "<group>"; };
		81AA8D1B48F74216B3EF908B /* PastScreen/PastScreenApp.swift */ = {isa = PBXFileReference; lastKnownFileType = sourcecode.swift; path = PastScreen/PastScreenApp.swift; sourceTree = "<group>"; };
		889C57D1B6C741FD93E2940F /* PastScreen/Components/LiquidGlassComponents.swift */ = {isa = PBXFileReference; lastKnownFileType = sourcecode.swift; path = PastScreen/Components/LiquidGlassComponents.swift; sourceTree = "<group>"; };
		A2FE17A971284945A4DC90DA /* PastScreen/Models/AppSettings.swift */ = {isa = PBXFileReference; lastKnownFileType = sourcecode.swift; path = PastScreen/Models/AppSettings.swift; sourceTree = "<group>"; };
		BB5E6EECF8874B83905847A6 /* PastScreen/Views/DynamicIslandView.swift */ = {isa = PBXFileReference; lastKnownFileType = sourcecode.swift; path = PastScreen/Views/DynamicIslandView.swift; sourceTree = "<group>"; };
		C6CBEA9F9EF4411F89100D8C /* PastScreen/Services/PermissionManager.swift */ = {isa = PBXFileReference; lastKnownFileType = sourcecode.swift; path = PastScreen/Services/PermissionManager.swift; sourceTree = "<group>"; };
		C707E9632EF67679006FC368 /* PastScreen-CN.app */ = {isa = PBXFileReference; explicitFileType = wrapper.application; includeInIndex = 0; path = "PastScreen-CN.app"; sourceTree = BUILT_PRODUCTS_DIR; };
		C8B50E085CA6BEC94CAA2E9B /* PastScreen/Utils/Localization.swift */ = {isa = PBXFileReference; lastKnownFileType = sourcecode.swift; path = PastScreen/Utils/Localization.swift; sourceTree = "<group>"; };
		D78B85EA3A0C408DA488EBFE /* PastScreen/Models/OCRLanguageOption.swift */ = {isa = PBXFileReference; lastKnownFileType = sourcecode.swift; path = PastScreen/Models/OCRLanguageOption.swift; sourceTree = "<group>"; };
		DD553F54AD9E4E7D9476D2B6 /* PastScreen/Utils/Logger.swift */ = {isa = PBXFileReference; lastKnownFileType = sourcecode.swift; path = PastScreen/Utils/Logger.swift; sourceTree = "<group>"; };
		E4E24D352C764766B10A1D44 /* PastScreen/Services/ScreenshotIntentBridge.swift */ = {isa = PBXFileReference; lastKnownFileType = sourcecode.swift; path = PastScreen/Services/ScreenshotIntentBridge.swift; sourceTree = "<group>"; };
		F67FAEFE56B64000A3ABC003 /* PastScreen/Views/SettingsView.swift */ = {isa = PBXFileReference; lastKnownFileType = sourcecode.swift; path = PastScreen/Views/SettingsView.swift; sourceTree = "<group>"; };
/* End PBXFileReference section */

/* Begin PBXFileSystemSynchronizedBuildFileExceptionSet section */
		C7224CB22EF2FA88000E28C8 /* Exceptions for "PastScreen" folder in "PastScreen-CN" target */ = {
			isa = PBXFileSystemSynchronizedBuildFileExceptionSet;
			membershipExceptions = (
				AppIntents/PastScreenShortcuts.swift,
				Components/LiquidGlassComponents.swift,
				"Info-AppStore.plist",
				Models/AppSettings.swift,
				Models/OCRLanguageOption.swift,
				PastScreenApp.swift,
				Services/HotKeyManager.swift,
				Services/LaunchAtLoginManager.swift,
				Services/OCRService.swift,
				Services/PermissionManager.swift,
				Services/ScreenshotIntentBridge.swift,
				Services/ScreenshotService.swift,
				Services/WindowCaptureCoordinator.swift,
				Tips/QuickCaptureTip.swift,
				Utils/Localization.swift,
				Utils/Logger.swift,
				Views/CustomNotificationView.swift,
				Views/DynamicIslandView.swift,
				Views/ImageEditingWindow.swift,
				Views/OnboardingView.swift,
				Views/SelectionWindow.swift,
			);
			target = 160D2D552ECCB91300A25E82 /* PastScreen-CN */;
		};
/* End PBXFileSystemSynchronizedBuildFileExceptionSet section */

/* Begin PBXFileSystemSynchronizedRootGroup section */
		16C553432EB8AF3F008745D0 /* PastScreen */ = {
			isa = PBXFileSystemSynchronizedRootGroup;
			exceptions = (
				C7224CB22EF2FA88000E28C8 /* Exceptions for "PastScreen" folder in "PastScreen-CN" target */,
			);
			path = PastScreen;
			sourceTree = "<group>";
		};
/* End PBXFileSystemSynchronizedRootGroup section */

/* Begin PBXFrameworksBuildPhase section */
		160D2D592ECCB91300A25E82 /* Frameworks */ = {
			isa = PBXFrameworksBuildPhase;
			buildActionMask = 2147483647;
			files = (
			);
			runOnlyForDeploymentPostprocessing = 0;
		};
/* End PBXFrameworksBuildPhase section */

/* Begin PBXGroup section */
		16C553382EB8AF3F008745D0 = {
			isa = PBXGroup;
			children = (
				16C553432EB8AF3F008745D0 /* PastScreen */,
				562855AD2EF64FD9000CF76C /* Recovered References */,
				C707E9632EF67679006FC368 /* PastScreen-CN.app */,
			);
			sourceTree = "<group>";
		};
		562855AD2EF64FD9000CF76C /* Recovered References */ = {
			isa = PBXGroup;
			children = (
				31C0658E24DE4556A0FE4CBE /* PastScreen/AppIntents/PastScreenShortcuts.swift */,
				889C57D1B6C741FD93E2940F /* PastScreen/Components/LiquidGlassComponents.swift */,
				A2FE17A971284945A4DC90DA /* PastScreen/Models/AppSettings.swift */,
				D78B85EA3A0C408DA488EBFE /* PastScreen/Models/OCRLanguageOption.swift */,
				81AA8D1B48F74216B3EF908B /* PastScreen/PastScreenApp.swift */,
				05ED1C2B44AE40E894CAB892 /* PastScreen/Services/HotKeyManager.swift */,
				468CFD7B61B54F9BA38528F4 /* PastScreen/Services/LaunchAtLoginManager.swift */,
				81442069A05A40BD98570EFF /* PastScreen/Services/OCRService.swift */,
				C6CBEA9F9EF4411F89100D8C /* PastScreen/Services/PermissionManager.swift */,
				E4E24D352C764766B10A1D44 /* PastScreen/Services/ScreenshotIntentBridge.swift */,
				1CB86E956A6A43BBBD2973D6 /* PastScreen/Services/ScreenshotService.swift */,
				60F7F2567ED24A989200D894 /* PastScreen/Services/WindowCaptureCoordinator.swift */,
				185A92B9A7714DA2A2EEA7C9 /* PastScreen/Tips/QuickCaptureTip.swift */,
				DD553F54AD9E4E7D9476D2B6 /* PastScreen/Utils/Logger.swift */,
				55112317E35F496C816421B3 /* PastScreen/Views/CustomNotificationView.swift */,
				BB5E6EECF8874B83905847A6 /* PastScreen/Views/DynamicIslandView.swift */,
				8037FA8E544E4016AA00B687 /* PastScreen/Views/ImageEditingWindow.swift */,
				815929E48D914C43A95E5B2C /* PastScreen/Views/OnboardingView.swift */,
				76A0386D860F4F3B95A3518C /* PastScreen/Views/SelectionWindow.swift */,
				F67FAEFE56B64000A3ABC003 /* PastScreen/Views/SettingsView.swift */,
				C8B50E085CA6BEC94CAA2E9B /* PastScreen/Utils/Localization.swift */,
			);
			name = "Recovered References";
			sourceTree = "<group>";
		};
/* End PBXGroup section */

/* Begin PBXNativeTarget section */
		160D2D552ECCB91300A25E82 /* PastScreen-CN */ = {
			isa = PBXNativeTarget;
			buildConfigurationList = 160D2D5C2ECCB91300A25E82 /* Build configuration list for PBXNativeTarget "PastScreen-CN" */;
			buildPhases = (
				160D2D582ECCB91300A25E82 /* Sources */,
				160D2D592ECCB91300A25E82 /* Frameworks */,
				160D2D5B2ECCB91300A25E82 /* Resources */,
			);
			buildRules = (
			);
			dependencies = (
			);
			fileSystemSynchronizedGroups = (
				16C553432EB8AF3F008745D0 /* PastScreen */,
			);
			name = "PastScreen-CN";
			packageProductDependencies = (
			);
			productName = "PastScreen-CN";
			productReference = C707E9632EF67679006FC368 /* PastScreen-CN.app */;
			productType = "com.apple.product-type.application";
		};
/* End PBXNativeTarget section */

/* Begin PBXProject section */
		16C553392EB8AF3F008745D0 /* Project object */ = {
			isa = PBXProject;
			attributes = {
				BuildIndependentTargetsInParallel = 1;
				LastSwiftUpdateCheck = 2600;
				LastUpgradeCheck = 2610;
			};
			buildConfigurationList = 16C5533C2EB8AF3F008745D0 /* Build configuration list for PBXProject "PastScreen-CN" */;
			developmentRegion = en;
			hasScannedForEncodings = 0;
			knownRegions = (
				en,
				Base,
				ja,
				ko,
				fr,
				es,
				de,
				it,
				nl,
				lzh,
				aq,
				"zh-Hans",
				"zh-Hant",
			);
			mainGroup = 16C553382EB8AF3F008745D0;
			minimizedProjectReferenceProxies = 1;
			packageReferences = (
			);
			preferredProjectObjectVersion = 77;
			productRefGroup = 16C553382EB8AF3F008745D0;
			projectDirPath = "";
			projectRoot = "";
			targets = (
				160D2D552ECCB91300A25E82 /* PastScreen-CN */,
			);
		};
/* End PBXProject section */

/* Begin PBXResourcesBuildPhase section */
		160D2D5B2ECCB91300A25E82 /* Resources */ = {
			isa = PBXResourcesBuildPhase;
			buildActionMask = 2147483647;
			files = (
			);
			runOnlyForDeploymentPostprocessing = 0;
		};
/* End PBXResourcesBuildPhase section */

/* Begin PBXSourcesBuildPhase section */
		160D2D582ECCB91300A25E82 /* Sources */ = {
			isa = PBXSourcesBuildPhase;
			buildActionMask = 2147483647;
			files = (
				C01192DCC563407D92C8930B /* PastScreen/AppIntents/PastScreenShortcuts.swift in Sources */,
				6B3073BA5BB34D25982BA8D4 /* PastScreen/Components/LiquidGlassComponents.swift in Sources */,
				C8B5098401454383965ADB3D /* PastScreen/Models/AppSettings.swift in Sources */,
				013D126AA3DA4A6BB7050E4C /* PastScreen/Models/OCRLanguageOption.swift in Sources */,
				9ECB8B05C4C6441B8703E040 /* PastScreen/PastScreenApp.swift in Sources */,
				EDE6905D705444ADBC933D21 /* PastScreen/Services/HotKeyManager.swift in Sources */,
				CC0289C6787D45B7AFB04B32 /* PastScreen/Services/LaunchAtLoginManager.swift in Sources */,
				0D7184C0DA094EA49847959A /* PastScreen/Services/OCRService.swift in Sources */,
				9B36A8B91D194211AFEA7ECB /* PastScreen/Services/PermissionManager.swift in Sources */,
				2FF96E31EAF44FF496E5CE4C /* PastScreen/Services/ScreenshotIntentBridge.swift in Sources */,
				94765A41378C46BDB32B81B9 /* PastScreen/Services/ScreenshotService.swift in Sources */,
				035F477F625E4A3981955C15 /* PastScreen/Services/WindowCaptureCoordinator.swift in Sources */,
				FBB9CAE21BB143DD9237FB7F /* PastScreen/Tips/QuickCaptureTip.swift in Sources */,
				DFB16B632497443D8ADF9834 /* PastScreen/Utils/Logger.swift in Sources */,
				C8B50E7E6CFA6290360FE9F4 /* PastScreen/Utils/Localization.swift in Sources */,
				378BA9360C2946F9ABB183FA /* PastScreen/Views/CustomNotificationView.swift in Sources */,
				96BEC0093CFD4EEB8BFE0233 /* PastScreen/Views/DynamicIslandView.swift in Sources */,
				ECCD54322A50493EA960B69B /* PastScreen/Views/ImageEditingWindow.swift in Sources */,
				118E155CE63945A6B9C70B08 /* PastScreen/Views/OnboardingView.swift in Sources */,
				D5DA92A15A2349E8BA67B6B5 /* PastScreen/Views/SelectionWindow.swift in Sources */,
				6E5B19ED490E4463A7D5F2D2 /* PastScreen/Views/SettingsView.swift in Sources */,
			);
			runOnlyForDeploymentPostprocessing = 0;
		};
/* End PBXSourcesBuildPhase section */

/* Begin XCBuildConfiguration section */
		160D2D5D2ECCB91300A25E82 /* Debug */ = {
			isa = XCBuildConfiguration;
			buildSettings = {
				ASSETCATALOG_COMPILER_APPICON_NAME = AppIcon;
				ASSETCATALOG_COMPILER_GLOBAL_ACCENT_COLOR_NAME = AccentColor;
				CODE_SIGN_ENTITLEMENTS = PastScreen/PastScreenAppStore.entitlements;
				"CODE_SIGN_IDENTITY[sdk=macosx*]" = "-";
				CODE_SIGN_STYLE = Automatic;
				COMBINE_HIDPI_IMAGES = YES;
				CURRENT_PROJECT_VERSION = 5;
				DEAD_CODE_STRIPPING = YES;
				DEVELOPMENT_TEAM = 29JVTLN6CG;
				ENABLE_APP_SANDBOX = NO;
				ENABLE_HARDENED_RUNTIME = YES;
				ENABLE_INCOMING_NETWORK_CONNECTIONS = NO;
				ENABLE_OUTGOING_NETWORK_CONNECTIONS = NO;
				ENABLE_PREVIEWS = YES;
				ENABLE_RESOURCE_ACCESS_AUDIO_INPUT = NO;
				ENABLE_RESOURCE_ACCESS_BLUETOOTH = NO;
				ENABLE_RESOURCE_ACCESS_CALENDARS = NO;
				ENABLE_RESOURCE_ACCESS_CAMERA = NO;
				ENABLE_RESOURCE_ACCESS_CONTACTS = NO;
				ENABLE_RESOURCE_ACCESS_LOCATION = NO;
				ENABLE_RESOURCE_ACCESS_PRINTING = NO;
				ENABLE_RESOURCE_ACCESS_USB = NO;
				ENABLE_USER_SELECTED_FILES = readonly;
				GENERATE_INFOPLIST_FILE = NO;
				INFOPLIST_FILE = "PastScreen/Info-AppStore.plist";
				INFOPLIST_KEY_LSApplicationCategoryType = "public.app-category.developer-tools";
				INFOPLIST_KEY_NSHumanReadableCopyright = "";
				LD_RUNPATH_SEARCH_PATHS = (
					"$(inherited)",
					"@executable_path/../Frameworks",
				);
				MACOSX_DEPLOYMENT_TARGET = 14.6;
				MARKETING_VERSION = 1.0.5;
				ONLY_ACTIVE_ARCH = NO;
				OTHER_SWIFT_FLAGS = "-D APPSTORE";
				PRODUCT_BUNDLE_IDENTIFIER = "com.iSoldLeo.PastScreen-CN";
				PRODUCT_NAME = "PastScreen-CN";
				REGISTER_APP_GROUPS = YES;
				STRING_CATALOG_GENERATE_SYMBOLS = YES;
				SWIFT_APPROACHABLE_CONCURRENCY = YES;
				SWIFT_DEFAULT_ACTOR_ISOLATION = MainActor;
				SWIFT_EMIT_LOC_STRINGS = YES;
				SWIFT_UPCOMING_FEATURE_MEMBER_IMPORT_VISIBILITY = YES;
				SWIFT_VERSION = 5.0;
			};
			name = Debug;
		};
		160D2D5E2ECCB91300A25E82 /* Release */ = {
			isa = XCBuildConfiguration;
			buildSettings = {
				ASSETCATALOG_COMPILER_APPICON_NAME = AppIcon;
				ASSETCATALOG_COMPILER_GLOBAL_ACCENT_COLOR_NAME = AccentColor;
				CODE_SIGN_ENTITLEMENTS = PastScreen/PastScreenAppStore.entitlements;
				"CODE_SIGN_IDENTITY[sdk=macosx*]" = "-";
				CODE_SIGN_STYLE = Automatic;
				COMBINE_HIDPI_IMAGES = YES;
				CURRENT_PROJECT_VERSION = 5;
				DEAD_CODE_STRIPPING = YES;
				DEVELOPMENT_TEAM = 29JVTLN6CG;
				ENABLE_APP_SANDBOX = NO;
				ENABLE_HARDENED_RUNTIME = YES;
				ENABLE_INCOMING_NETWORK_CONNECTIONS = NO;
				ENABLE_OUTGOING_NETWORK_CONNECTIONS = NO;
				ENABLE_PREVIEWS = YES;
				ENABLE_RESOURCE_ACCESS_AUDIO_INPUT = NO;
				ENABLE_RESOURCE_ACCESS_BLUETOOTH = NO;
				ENABLE_RESOURCE_ACCESS_CALENDARS = NO;
				ENABLE_RESOURCE_ACCESS_CAMERA = NO;
				ENABLE_RESOURCE_ACCESS_CONTACTS = NO;
				ENABLE_RESOURCE_ACCESS_LOCATION = NO;
				ENABLE_RESOURCE_ACCESS_PRINTING = NO;
				ENABLE_RESOURCE_ACCESS_USB = NO;
				ENABLE_USER_SELECTED_FILES = readonly;
				GENERATE_INFOPLIST_FILE = NO;
				INFOPLIST_FILE = "PastScreen/Info-AppStore.plist";
				INFOPLIST_KEY_LSApplicationCategoryType = "public.app-category.developer-tools";
				INFOPLIST_KEY_NSHumanReadableCopyright = "";
				LD_RUNPATH_SEARCH_PATHS = (
					"$(inherited)",
					"@executable_path/../Frameworks",
				);
				MACOSX_DEPLOYMENT_TARGET = 14.6;
				MARKETING_VERSION = 1.0.5;
				OTHER_SWIFT_FLAGS = "-D APPSTORE";
				PRODUCT_BUNDLE_IDENTIFIER = "com.iSoldLeo.PastScreen-CN";
				PRODUCT_NAME = "PastScreen-CN";
				REGISTER_APP_GROUPS = YES;
				STRING_CATALOG_GENERATE_SYMBOLS = YES;
				SWIFT_APPROACHABLE_CONCURRENCY = YES;
				SWIFT_DEFAULT_ACTOR_ISOLATION = MainActor;
				SWIFT_EMIT_LOC_STRINGS = YES;
				SWIFT_UPCOMING_FEATURE_MEMBER_IMPORT_VISIBILITY = YES;
				SWIFT_VERSION = 5.0;
			};
			name = Release;
		};
		16C5534A2EB8AF3F008745D0 /* Debug */ = {
			isa = XCBuildConfiguration;
			buildSettings = {
				ALWAYS_SEARCH_USER_PATHS = NO;
				ASSETCATALOG_COMPILER_GENERATE_SWIFT_ASSET_SYMBOL_EXTENSIONS = YES;
				CLANG_ANALYZER_LOCALIZABILITY_NONLOCALIZED = YES;
				CLANG_ANALYZER_NONNULL = YES;
				CLANG_ANALYZER_NUMBER_OBJECT_CONVERSION = YES_AGGRESSIVE;
				CLANG_CXX_LANGUAGE_STANDARD = "gnu++20";
				CLANG_ENABLE_MODULES = YES;
				CLANG_ENABLE_OBJC_ARC = YES;
				CLANG_ENABLE_OBJC_WEAK = YES;
				CLANG_WARN_BLOCK_CAPTURE_AUTORELEASING = YES;
				CLANG_WARN_BOOL_CONVERSION = YES;
				CLANG_WARN_COMMA = YES;
				CLANG_WARN_CONSTANT_CONVERSION = YES;
				CLANG_WARN_DEPRECATED_OBJC_IMPLEMENTATIONS = YES;
				CLANG_WARN_DIRECT_OBJC_ISA_USAGE = YES_ERROR;
				CLANG_WARN_DOCUMENTATION_COMMENTS = YES;
				CLANG_WARN_EMPTY_BODY = YES;
				CLANG_WARN_ENUM_CONVERSION = YES;
				CLANG_WARN_INFINITE_RECURSION = YES;
				CLANG_WARN_INT_CONVERSION = YES;
				CLANG_WARN_NON_LITERAL_NULL_CONVERSION = YES;
				CLANG_WARN_OBJC_IMPLICIT_RETAIN_SELF = YES;
				CLANG_WARN_OBJC_LITERAL_CONVERSION = YES;
				CLANG_WARN_OBJC_ROOT_CLASS = YES_ERROR;
				CLANG_WARN_QUOTED_INCLUDE_IN_FRAMEWORK_HEADER = YES;
				CLANG_WARN_RANGE_LOOP_ANALYSIS = YES;
				CLANG_WARN_STRICT_PROTOTYPES = YES;
				CLANG_WARN_SUSPICIOUS_MOVE = YES;
				CLANG_WARN_UNGUARDED_AVAILABILITY = YES_AGGRESSIVE;
				CLANG_WARN_UNREACHABLE_CODE = YES;
				CLANG_WARN__DUPLICATE_METHOD_MATCH = YES;
				COPY_PHASE_STRIP = NO;
				DEAD_CODE_STRIPPING = YES;
				DEBUG_INFORMATION_FORMAT = dwarf;
				DEVELOPMENT_TEAM = "";
				ENABLE_STRICT_OBJC_MSGSEND = YES;
				ENABLE_TESTABILITY = YES;
				ENABLE_USER_SCRIPT_SANDBOXING = YES;
				GCC_C_LANGUAGE_STANDARD = gnu17;
				GCC_DYNAMIC_NO_PIC = NO;
				GCC_NO_COMMON_BLOCKS = YES;
				GCC_OPTIMIZATION_LEVEL = 0;
				GCC_PREPROCESSOR_DEFINITIONS = (
					"DEBUG=1",
					"$(inherited)",
				);
				GCC_WARN_64_TO_32_BIT_CONVERSION = YES;
				GCC_WARN_ABOUT_RETURN_TYPE = YES_ERROR;
				GCC_WARN_UNDECLARED_SELECTOR = YES;
				GCC_WARN_UNINITIALIZED_AUTOS = YES_AGGRESSIVE;
				GCC_WARN_UNUSED_FUNCTION = YES;
				GCC_WARN_UNUSED_VARIABLE = YES;
				LOCALIZATION_PREFERS_STRING_CATALOGS = YES;
				MACOSX_DEPLOYMENT_TARGET = 14.6;
				MTL_ENABLE_DEBUG_INFO = INCLUDE_SOURCE;
				MTL_FAST_MATH = YES;
				ONLY_ACTIVE_ARCH = YES;
				SDKROOT = macosx;
				STRING_CATALOG_GENERATE_SYMBOLS = YES;
				SWIFT_ACTIVE_COMPILATION_CONDITIONS = "DEBUG $(inherited)";
				SWIFT_OPTIMIZATION_LEVEL = "-Onone";
			};
			name = Debug;
		};
		16C5534B2EB8AF3F008745D0 /* Release */ = {
			isa = XCBuildConfiguration;
			buildSettings = {
				ALWAYS_SEARCH_USER_PATHS = NO;
				ASSETCATALOG_COMPILER_GENERATE_SWIFT_ASSET_SYMBOL_EXTENSIONS = YES;
				CLANG_ANALYZER_LOCALIZABILITY_NONLOCALIZED = YES;
				CLANG_ANALYZER_NONNULL = YES;
				CLANG_ANALYZER_NUMBER_OBJECT_CONVERSION = YES_AGGRESSIVE;
				CLANG_CXX_LANGUAGE_STANDARD = "gnu++20";
				CLANG_ENABLE_MODULES = YES;
				CLANG_ENABLE_OBJC_ARC = YES;
				CLANG_ENABLE_OBJC_WEAK = YES;
				CLANG_WARN_BLOCK_CAPTURE_AUTORELEASING = YES;
				CLANG_WARN_BOOL_CONVERSION = YES;
				CLANG_WARN_COMMA = YES;
				CLANG_WARN_CONSTANT_CONVERSION = YES;
				CLANG_WARN_DEPRECATED_OBJC_IMPLEMENTATIONS = YES;
				CLANG_WARN_DIRECT_OBJC_ISA_USAGE = YES_ERROR;
				CLANG_WARN_DOCUMENTATION_COMMENTS = YES;
				CLANG_WARN_EMPTY_BODY = YES;
				CLANG_WARN_ENUM_CONVERSION = YES;
				CLANG_WARN_INFINITE_RECURSION = YES;
				CLANG_WARN_INT_CONVERSION = YES;
				CLANG_WARN_NON_LITERAL_NULL_CONVERSION = YES;
				CLANG_WARN_OBJC_IMPLICIT_RETAIN_SELF = YES;
				CLANG_WARN_OBJC_LITERAL_CONVERSION = YES;
				CLANG_WARN_OBJC_ROOT_CLASS = YES_ERROR;
				CLANG_WARN_QUOTED_INCLUDE_IN_FRAMEWORK_HEADER = YES;
				CLANG_WARN_RANGE_LOOP_ANALYSIS = YES;
				CLANG_WARN_STRICT_PROTOTYPES = YES;
				CLANG_WARN_SUSPICIOUS_MOVE = YES;
				CLANG_WARN_UNGUARDED_AVAILABILITY = YES_AGGRESSIVE;
				CLANG_WARN_UNREACHABLE_CODE = YES;
				CLANG_WARN__DUPLICATE_METHOD_MATCH = YES;
				COPY_PHASE_STRIP = NO;
				DEAD_CODE_STRIPPING = YES;
				DEBUG_INFORMATION_FORMAT = "dwarf-with-dsym";
				DEVELOPMENT_TEAM = "";
				ENABLE_NS_ASSERTIONS = NO;
				ENABLE_STRICT_OBJC_MSGSEND = YES;
				ENABLE_TESTABILITY = YES;
				ENABLE_USER_SCRIPT_SANDBOXING = YES;
				GCC_C_LANGUAGE_STANDARD = gnu17;
				GCC_NO_COMMON_BLOCKS = YES;
				GCC_WARN_64_TO_32_BIT_CONVERSION = YES;
				GCC_WARN_ABOUT_RETURN_TYPE = YES_ERROR;
				GCC_WARN_UNDECLARED_SELECTOR = YES;
				GCC_WARN_UNINITIALIZED_AUTOS = YES_AGGRESSIVE;
				GCC_WARN_UNUSED_FUNCTION = YES;
				GCC_WARN_UNUSED_VARIABLE = YES;
				LOCALIZATION_PREFERS_STRING_CATALOGS = YES;
				MACOSX_DEPLOYMENT_TARGET = 14.6;
				MTL_ENABLE_DEBUG_INFO = NO;
				MTL_FAST_MATH = YES;
				ONLY_ACTIVE_ARCH = YES;
				SDKROOT = macosx;
				STRING_CATALOG_GENERATE_SYMBOLS = YES;
				SWIFT_COMPILATION_MODE = wholemodule;
			};
			name = Release;
		};
/* End XCBuildConfiguration section */

/* Begin XCConfigurationList section */
		160D2D5C2ECCB91300A25E82 /* Build configuration list for PBXNativeTarget "PastScreen-CN" */ = {
			isa = XCConfigurationList;
			buildConfigurations = (
				160D2D5D2ECCB91300A25E82 /* Debug */,
				160D2D5E2ECCB91300A25E82 /* Release */,
			);
			defaultConfigurationIsVisible = 0;
			defaultConfigurationName = Release;
		};
		16C5533C2EB8AF3F008745D0 /* Build configuration list for PBXProject "PastScreen-CN" */ = {
			isa = XCConfigurationList;
			buildConfigurations = (
				16C5534A2EB8AF3F008745D0 /* Debug */,
				16C5534B2EB8AF3F008745D0 /* Release */,
			);
			defaultConfigurationIsVisible = 0;
			defaultConfigurationName = Release;
		};
/* End XCConfigurationList section */
	};
	rootObject = 16C553392EB8AF3F008745D0 /* Project object */;
}
